
Microsoft Visual Studio Solution File, Format Version 12.00
# Visual Studio 2012
Project("{FAE04EC0-301F-11D3-BF4B-00C04F79EFBC}") = "Demo.WebApi.IISHosted", "Demo.WebApi.IISHosted\Demo.WebApi.IISHosted.csproj", "{F56E8AB2-B36B-4D56-97DE-123145E839CC}"
EndProject
Global
	GlobalSection(SolutionConfigurationPlatforms) = preSolution
		Debug|Any CPU = Debug|Any CPU
		Release|Any CPU = Release|Any CPU
	EndGlobalSection
	GlobalSection(ProjectConfigurationPlatforms) = postSolution
		{F56E8AB2-B36B-4D56-97DE-123145E839CC}.Debug|Any CPU.ActiveCfg = Debug|Any CPU
		{F56E8AB2-B36B-4D56-97DE-123145E839CC}.Debug|Any CPU.Build.0 = Debug|Any CPU
		{F56E8AB2-B36B-4D56-97DE-123145E839CC}.Release|Any CPU.ActiveCfg = Release|Any CPU
		{F56E8AB2-B36B-4D56-97DE-123145E839CC}.Release|Any CPU.Build.0 = Release|Any CPU
	EndGlobalSection
	GlobalSection(SolutionProperties) = preSolution
		HideSolutionNode = FALSE
	EndGlobalSection
EndGlobal
